{
  "name": "ball-tools",
  "lockfileVersion": 3,
  "requires": true,
  "packages": {
    "": {
      "dependencies": {
        "tdesign-miniprogram": "^1.12.0"
      }
    },
    "node_modules/tdesign-miniprogram": {
      "version": "1.12.0",
      "resolved": "https://registry.npmmirror.com/tdesign-miniprogram/-/tdesign-miniprogram-1.12.0.tgz",
      "integrity": "sha512-Ft+B1HWMOKuOpM9+Z0mflprWrxSB/ESo6TVymjxJ6xzMgSfEcbmFaXpd0nJ+Oj/5GCljqP06ZTeWazuk1G6Ugg==",
      "license": "MIT"
    }
  }
}
